// !$*UTF8*$!
{
	archiveVersion = 1;
	classes = {
	};
	objectVersion = 56;
	objects = {

/* Begin PBXBuildFile section */
		BB650F1C2B7BECBF00480E79 /* Roboto-Medium.ttf in Resources */ = {isa = PBXBuildFile; fileRef = BB650F0F2B7BECBF00480E79 /* Roboto-Medium.ttf */; };
		BB650F1D2B7BECBF00480E79 /* Roboto-Light.ttf in Resources */ = {isa = PBXBuildFile; fileRef = BB650F102B7BECBF00480E79 /* Roboto-Light.ttf */; };
		BB650F1E2B7BECBF00480E79 /* Roboto-Regular.ttf in Resources */ = {isa = PBXBuildFile; fileRef = BB650F112B7BECBF00480E79 /* Roboto-Regular.ttf */; };
		BB650F1F2B7BECBF00480E79 /* Roboto-MediumItalic.ttf in Resources */ = {isa = PBXBuildFile; fileRef = BB650F122B7BECBF00480E79 /* Roboto-MediumItalic.ttf */; };
		BB650F202B7BECBF00480E79 /* Roboto-ThinItalic.ttf in Resources */ = {isa = PBXBuildFile; fileRef = BB650F132B7BECBF00480E79 /* Roboto-ThinItalic.ttf */; };
		BB650F212B7BECBF00480E79 /* Roboto-BoldItalic.ttf in Resources */ = {isa = PBXBuildFile; fileRef = BB650F142B7BECBF00480E79 /* Roboto-BoldItalic.ttf */; };
		BB650F222B7BECBF00480E79 /* Roboto-LightItalic.ttf in Resources */ = {isa = PBXBuildFile; fileRef = BB650F152B7BECBF00480E79 /* Roboto-LightItalic.ttf */; };
		BB650F232B7BECBF00480E79 /* Roboto-Italic.ttf in Resources */ = {isa = PBXBuildFile; fileRef = BB650F162B7BECBF00480E79 /* Roboto-Italic.ttf */; };
		BB650F242B7BECBF00480E79 /* LICENSE.txt in Resources */ = {isa = PBXBuildFile; fileRef = BB650F172B7BECBF00480E79 /* LICENSE.txt */; };
		BB650F252B7BECBF00480E79 /* Roboto-BlackItalic.ttf in Resources */ = {isa = PBXBuildFile; fileRef = BB650F182B7BECBF00480E79 /* Roboto-BlackItalic.ttf */; };
		BB650F262B7BECBF00480E79 /* Roboto-Bold.ttf in Resources */ = {isa = PBXBuildFile; fileRef = BB650F192B7BECBF00480E79 /* Roboto-Bold.ttf */; };
		BB650F272B7BECBF00480E79 /* Roboto-Thin.ttf in Resources */ = {isa = PBXBuildFile; fileRef = BB650F1A2B7BECBF00480E79 /* Roboto-Thin.ttf */; };
		BB650F282B7BECBF00480E79 /* Roboto-Black.ttf in Resources */ = {isa = PBXBuildFile; fileRef = BB650F1B2B7BECBF00480E79 /* Roboto-Black.ttf */; };
		BBA4F4512B7A186E008DEB58 /* AppDelegate.swift in Sources */ = {isa = PBXBuildFile; fileRef = BBA4F4502B7A186E008DEB58 /* AppDelegate.swift */; };
		BBA4F4532B7A186E008DEB58 /* SceneDelegate.swift in Sources */ = {isa = PBXBuildFile; fileRef = BBA4F4522B7A186E008DEB58 /* SceneDelegate.swift */; };
		BBA4F4552B7A186E008DEB58 /* ViewController.swift in Sources */ = {isa = PBXBuildFile; fileRef = BBA4F4542B7A186E008DEB58 /* ViewController.swift */; };
		BBA4F4582B7A186E008DEB58 /* Main.storyboard in Resources */ = {isa = PBXBuildFile; fileRef = BBA4F4562B7A186E008DEB58 /* Main.storyboard */; };
		BBA4F45A2B7A186F008DEB58 /* Assets.xcassets in Resources */ = {isa = PBXBuildFile; fileRef = BBA4F4592B7A186F008DEB58 /* Assets.xcassets */; };
		BBA4F45D2B7A186F008DEB58 /* LaunchScreen.storyboard in Resources */ = {isa = PBXBuildFile; fileRef = BBA4F45B2B7A186F008DEB58 /* LaunchScreen.storyboard */; };
/* End PBXBuildFile section */

/* Begin PBXFileReference section */
		BB650F0F2B7BECBF00480E79 /* Roboto-Medium.ttf */ = {isa = PBXFileReference; lastKnownFileType = file; path = "Roboto-Medium.ttf"; sourceTree = "<group>"; };
		BB650F102B7BECBF00480E79 /* Roboto-Light.ttf */ = {isa = PBXFileReference; lastKnownFileType = file; path = "Roboto-Light.ttf"; sourceTree = "<group>"; };
		BB650F112B7BECBF00480E79 /* Roboto-Regular.ttf */ = {isa = PBXFileReference; lastKnownFileType = file; path = "Roboto-Regular.ttf"; sourceTree = "<group>"; };
		BB650F122B7BECBF00480E79 /* Roboto-MediumItalic.ttf */ = {isa = PBXFileReference; lastKnownFileType = file; path = "Roboto-MediumItalic.ttf"; sourceTree = "<group>"; };
		BB650F132B7BECBF00480E79 /* Roboto-ThinItalic.ttf */ = {isa = PBXFileReference; lastKnownFileType = file; path = "Roboto-ThinItalic.ttf"; sourceTree = "<group>"; };
		BB650F142B7BECBF00480E79 /* Roboto-BoldItalic.ttf */ = {isa = PBXFileReference; lastKnownFileType = file; path = "Roboto-BoldItalic.ttf"; sourceTree = "<group>"; };
		BB650F152B7BECBF00480E79 /* Roboto-LightItalic.ttf */ = {isa = PBXFileReference; lastKnownFileType = file; path = "Roboto-LightItalic.ttf"; sourceTree = "<group>"; };
		BB650F162B7BECBF00480E79 /* Roboto-Italic.ttf */ = {isa = PBXFileReference; lastKnownFileType = file; path = "Roboto-Italic.ttf"; sourceTree = "<group>"; };
		BB650F172B7BECBF00480E79 /* LICENSE.txt */ = {isa = PBXFileReference; fileEncoding = 4; lastKnownFileType = text; path = LICENSE.txt; sourceTree = "<group>"; };
		BB650F182B7BECBF00480E79 /* Roboto-BlackItalic.ttf */ = {isa = PBXFileReference; lastKnownFileType = file; path = "Roboto-BlackItalic.ttf"; sourceTree = "<group>"; };
		BB650F192B7BECBF00480E79 /* Roboto-Bold.ttf */ = {isa = PBXFileReference; lastKnownFileType = file; path = "Roboto-Bold.ttf"; sourceTree = "<group>"; };
		BB650F1A2B7BECBF00480E79 /* Roboto-Thin.ttf */ = {isa = PBXFileReference; lastKnownFileType = file; path = "Roboto-Thin.ttf"; sourceTree = "<group>"; };
		BB650F1B2B7BECBF00480E79 /* Roboto-Black.ttf */ = {isa = PBXFileReference; lastKnownFileType = file; path = "Roboto-Black.ttf"; sourceTree = "<group>"; };
		BBA4F44D2B7A186E008DEB58 /* FoodDeliveryApp.app */ = {isa = PBXFileReference; explicitFileType = wrapper.application; includeInIndex = 0; path = FoodDeliveryApp.app; sourceTree = BUILT_PRODUCTS_DIR; };
		BBA4F4502B7A186E008DEB58 /* AppDelegate.swift */ = {isa = PBXFileReference; lastKnownFileType = sourcecode.swift; path = AppDelegate.swift; sourceTree = "<group>"; };
		BBA4F4522B7A186E008DEB58 /* SceneDelegate.swift */ = {isa = PBXFileReference; lastKnownFileType = sourcecode.swift; path = SceneDelegate.swift; sourceTree = "<group>"; };
		BBA4F4542B7A186E008DEB58 /* ViewController.swift */ = {isa = PBXFileReference; lastKnownFileType = sourcecode.swift; path = ViewController.swift; sourceTree = "<group>"; };
		BBA4F4572B7A186E008DEB58 /* Base */ = {isa = PBXFileReference; lastKnownFileType = file.storyboard; name = Base; path = Base.lproj/Main.storyboard; sourceTree = "<group>"; };
		BBA4F4592B7A186F008DEB58 /* Assets.xcassets */ = {isa = PBXFileReference; lastKnownFileType = folder.assetcatalog; path = Assets.xcassets; sourceTree = "<group>"; };
		BBA4F45C2B7A186F008DEB58 /* Base */ = {isa = PBXFileReference; lastKnownFileType = file.storyboard; name = Base; path = Base.lproj/LaunchScreen.storyboard; sourceTree = "<group>"; };
		BBA4F45E2B7A186F008DEB58 /* Info.plist */ = {isa = PBXFileReference; lastKnownFileType = text.plist.xml; path = Info.plist; sourceTree = "<group>"; };
/* End PBXFileReference section */

/* Begin PBXFrameworksBuildPhase section */
		BBA4F44A2B7A186E008DEB58 /* Frameworks */ = {
			isa = PBXFrameworksBuildPhase;
			buildActionMask = 2147483647;
			files = (
			);
			runOnlyForDeploymentPostprocessing = 0;
		};
/* End PBXFrameworksBuildPhase section */

/* Begin PBXGroup section */
		BB650F0C2B7BEC8000480E79 /* Resources */ = {
			isa = PBXGroup;
			children = (
				BB650F0D2B7BEC9500480E79 /* Fonts */,
			);
			path = Resources;
			sourceTree = "<group>";
		};
		BB650F0D2B7BEC9500480E79 /* Fonts */ = {
			isa = PBXGroup;
			children = (
				BB650F0E2B7BECBF00480E79 /* Roboto */,
			);
			path = Fonts;
			sourceTree = "<group>";
		};
		BB650F0E2B7BECBF00480E79 /* Roboto */ = {
			isa = PBXGroup;
			children = (
				BB650F0F2B7BECBF00480E79 /* Roboto-Medium.ttf */,
				BB650F102B7BECBF00480E79 /* Roboto-Light.ttf */,
				BB650F112B7BECBF00480E79 /* Roboto-Regular.ttf */,
				BB650F122B7BECBF00480E79 /* Roboto-MediumItalic.ttf */,
				BB650F132B7BECBF00480E79 /* Roboto-ThinItalic.ttf */,
				BB650F142B7BECBF00480E79 /* Roboto-BoldItalic.ttf */,
				BB650F152B7BECBF00480E79 /* Roboto-LightItalic.ttf */,
				BB650F162B7BECBF00480E79 /* Roboto-Italic.ttf */,
				BB650F172B7BECBF00480E79 /* LICENSE.txt */,
				BB650F182B7BECBF00480E79 /* Roboto-BlackItalic.ttf */,
				BB650F192B7BECBF00480E79 /* Roboto-Bold.ttf */,
				BB650F1A2B7BECBF00480E79 /* Roboto-Thin.ttf */,
				BB650F1B2B7BECBF00480E79 /* Roboto-Black.ttf */,
			);
			path = Roboto;
			sourceTree = "<group>";
		};
		BBA4F4442B7A186E008DEB58 = {
			isa = PBXGroup;
			children = (
				BBA4F44F2B7A186E008DEB58 /* FoodDeliveryApp */,
				BBA4F44E2B7A186E008DEB58 /* Products */,
			);
			sourceTree = "<group>";
		};
		BBA4F44E2B7A186E008DEB58 /* Products */ = {
			isa = PBXGroup;
			children = (
				BBA4F44D2B7A186E008DEB58 /* FoodDeliveryApp.app */,
			);
			name = Products;
			sourceTree = "<group>";
		};
		BBA4F44F2B7A186E008DEB58 /* FoodDeliveryApp */ = {
			isa = PBXGroup;
			children = (
				BB650F0C2B7BEC8000480E79 /* Resources */,
				BBA4F4502B7A186E008DEB58 /* AppDelegate.swift */,
				BBA4F4522B7A186E008DEB58 /* SceneDelegate.swift */,
				BBA4F4542B7A186E008DEB58 /* ViewController.swift */,
				BBA4F4562B7A186E008DEB58 /* Main.storyboard */,
				BBA4F4592B7A186F008DEB58 /* Assets.xcassets */,
				BBA4F45B2B7A186F008DEB58 /* LaunchScreen.storyboard */,
				BBA4F45E2B7A186F008DEB58 /* Info.plist */,
			);
			path = FoodDeliveryApp;
			sourceTree = "<group>";
		};
/* End PBXGroup section */

/* Begin PBXNativeTarget section */
		BBA4F44C2B7A186E008DEB58 /* FoodDeliveryApp */ = {
			isa = PBXNativeTarget;
			buildConfigurationList = BBA4F4612B7A186F008DEB58 /* Build configuration list for PBXNativeTarget "FoodDeliveryApp" */;
			buildPhases = (
				BBA4F4492B7A186E008DEB58 /* Sources */,
				BBA4F44A2B7A186E008DEB58 /* Frameworks */,
				BBA4F44B2B7A186E008DEB58 /* Resources */,
			);
			buildRules = (
			);
			dependencies = (
			);
			name = FoodDeliveryApp;
			productName = FoodDeliveryApp;
			productReference = BBA4F44D2B7A186E008DEB58 /* FoodDeliveryApp.app */;
			productType = "com.apple.product-type.application";
		};
/* End PBXNativeTarget section */

/* Begin PBXProject section */
		BBA4F4452B7A186E008DEB58 /* Project object */ = {
			isa = PBXProject;
			attributes = {
				BuildIndependentTargetsInParallel = 1;
				LastSwiftUpdateCheck = 1520;
				LastUpgradeCheck = 1520;
				TargetAttributes = {
					BBA4F44C2B7A186E008DEB58 = {
						CreatedOnToolsVersion = 15.2;
					};
				};
			};
			buildConfigurationList = BBA4F4482B7A186E008DEB58 /* Build configuration list for PBXProject "FoodDeliveryApp" */;
			compatibilityVersion = "Xcode 14.0";
			developmentRegion = en;
			hasScannedForEncodings = 0;
			knownRegions = (
				en,
				Base,
			);
			mainGroup = BBA4F4442B7A186E008DEB58;
			productRefGroup = BBA4F44E2B7A186E008DEB58 /* Products */;
			projectDirPath = "";
			projectRoot = "";
			targets = (
				BBA4F44C2B7A186E008DEB58 /* FoodDeliveryApp */,
			);
		};
/* End PBXProject section */

/* Begin PBXResourcesBuildPhase section */
		BBA4F44B2B7A186E008DEB58 /* Resources */ = {
			isa = PBXResourcesBuildPhase;
			buildActionMask = 2147483647;
			files = (
				BB650F262B7BECBF00480E79 /* Roboto-Bold.ttf in Resources */,
				BB650F242B7BECBF00480E79 /* LICENSE.txt in Resources */,
				BB650F212B7BECBF00480E79 /* Roboto-BoldItalic.ttf in Resources */,
				BB650F1E2B7BECBF00480E79 /* Roboto-Regular.ttf in Resources */,
				BB650F222B7BECBF00480E79 /* Roboto-LightItalic.ttf in Resources */,
				BB650F1C2B7BECBF00480E79 /* Roboto-Medium.ttf in Resources */,
				BBA4F45D2B7A186F008DEB58 /* LaunchScreen.storyboard in Resources */,
				BB650F252B7BECBF00480E79 /* Roboto-BlackItalic.ttf in Resources */,
				BB650F272B7BECBF00480E79 /* Roboto-Thin.ttf in Resources */,
				BB650F1D2B7BECBF00480E79 /* Roboto-Light.ttf in Resources */,
				BB650F202B7BECBF00480E79 /* Roboto-ThinItalic.ttf in Resources */,
				BB650F282B7BECBF00480E79 /* Roboto-Black.ttf in Resources */,
				BB650F1F2B7BECBF00480E79 /* Roboto-MediumItalic.ttf in Resources */,
				BBA4F45A2B7A186F008DEB58 /* Assets.xcassets in Resources */,
				BB650F232B7BECBF00480E79 /* Roboto-Italic.ttf in Resources */,
				BBA4F4582B7A186E008DEB58 /* Main.storyboard in Resources */,
			);
			runOnlyForDeploymentPostprocessing = 0;
		};
/* End PBXResourcesBuildPhase section */

/* Begin PBXSourcesBuildPhase section */
		BBA4F4492B7A186E008DEB58 /* Sources */ = {
			isa = PBXSourcesBuildPhase;
			buildActionMask = 2147483647;
			files = (
				BBA4F4552B7A186E008DEB58 /* ViewController.swift in Sources */,
				BBA4F4512B7A186E008DEB58 /* AppDelegate.swift in Sources */,
				BBA4F4532B7A186E008DEB58 /* SceneDelegate.swift in Sources */,
			);
			runOnlyForDeploymentPostprocessing = 0;
		};
/* End PBXSourcesBuildPhase section */

/* Begin PBXVariantGroup section */
		BBA4F4562B7A186E008DEB58 /* Main.storyboard */ = {
			isa = PBXVariantGroup;
			children = (
				BBA4F4572B7A186E008DEB58 /* Base */,
			);
			name = Main.storyboard;
			sourceTree = "<group>";
		};
		BBA4F45B2B7A186F008DEB58 /* LaunchScreen.storyboard */ = {
			isa = PBXVariantGroup;
			children = (
				BBA4F45C2B7A186F008DEB58 /* Base */,
			);
			name = LaunchScreen.storyboard;
			sourceTree = "<group>";
		};
/* End PBXVariantGroup section */

/* Begin XCBuildConfiguration section */
		BBA4F45F2B7A186F008DEB58 /* Debug */ = {
			isa = XCBuildConfiguration;
			buildSettings = {
				ALWAYS_SEARCH_USER_PATHS = NO;
				ASSETCATALOG_COMPILER_GENERATE_SWIFT_ASSET_SYMBOL_EXTENSIONS = YES;
				CLANG_ANALYZER_NONNULL = YES;
				CLANG_ANALYZER_NUMBER_OBJECT_CONVERSION = YES_AGGRESSIVE;
				CLANG_CXX_LANGUAGE_STANDARD = "gnu++20";
				CLANG_ENABLE_MODULES = YES;
				CLANG_ENABLE_OBJC_ARC = YES;
				CLANG_ENABLE_OBJC_WEAK = YES;
				CLANG_WARN_BLOCK_CAPTURE_AUTORELEASING = YES;
				CLANG_WARN_BOOL_CONVERSION = YES;
				CLANG_WARN_COMMA = YES;
				CLANG_WARN_CONSTANT_CONVERSION = YES;
				CLANG_WARN_DEPRECATED_OBJC_IMPLEMENTATIONS = YES;
				CLANG_WARN_DIRECT_OBJC_ISA_USAGE = YES_ERROR;
				CLANG_WARN_DOCUMENTATION_COMMENTS = YES;
				CLANG_WARN_EMPTY_BODY = YES;
				CLANG_WARN_ENUM_CONVERSION = YES;
				CLANG_WARN_INFINITE_RECURSION = YES;
				CLANG_WARN_INT_CONVERSION = YES;
				CLANG_WARN_NON_LITERAL_NULL_CONVERSION = YES;
				CLANG_WARN_OBJC_IMPLICIT_RETAIN_SELF = YES;
				CLANG_WARN_OBJC_LITERAL_CONVERSION = YES;
				CLANG_WARN_OBJC_ROOT_CLASS = YES_ERROR;
				CLANG_WARN_QUOTED_INCLUDE_IN_FRAMEWORK_HEADER = YES;
				CLANG_WARN_RANGE_LOOP_ANALYSIS = YES;
				CLANG_WARN_STRICT_PROTOTYPES = YES;
				CLANG_WARN_SUSPICIOUS_MOVE = YES;
				CLANG_WARN_UNGUARDED_AVAILABILITY = YES_AGGRESSIVE;
				CLANG_WARN_UNREACHABLE_CODE = YES;
				CLANG_WARN__DUPLICATE_METHOD_MATCH = YES;
				COPY_PHASE_STRIP = NO;
				DEBUG_INFORMATION_FORMAT = dwarf;
				ENABLE_STRICT_OBJC_MSGSEND = YES;
				ENABLE_TESTABILITY = YES;
				ENABLE_USER_SCRIPT_SANDBOXING = YES;
				GCC_C_LANGUAGE_STANDARD = gnu17;
				GCC_DYNAMIC_NO_PIC = NO;
				GCC_NO_COMMON_BLOCKS = YES;
				GCC_OPTIMIZATION_LEVEL = 0;
				GCC_PREPROCESSOR_DEFINITIONS = (
					"DEBUG=1",
					"$(inherited)",
				);
				GCC_WARN_64_TO_32_BIT_CONVERSION = YES;
				GCC_WARN_ABOUT_RETURN_TYPE = YES_ERROR;
				GCC_WARN_UNDECLARED_SELECTOR = YES;
				GCC_WARN_UNINITIALIZED_AUTOS = YES_AGGRESSIVE;
				GCC_WARN_UNUSED_FUNCTION = YES;
				GCC_WARN_UNUSED_VARIABLE = YES;
				IPHONEOS_DEPLOYMENT_TARGET = 17.2;
				LOCALIZATION_PREFERS_STRING_CATALOGS = YES;
				MTL_ENABLE_DEBUG_INFO = INCLUDE_SOURCE;
				MTL_FAST_MATH = YES;
				ONLY_ACTIVE_ARCH = YES;
				SDKROOT = iphoneos;
				SWIFT_ACTIVE_COMPILATION_CONDITIONS = "DEBUG $(inherited)";
				SWIFT_OPTIMIZATION_LEVEL = "-Onone";
			};
			name = Debug;
		};
		BBA4F4602B7A186F008DEB58 /* Release */ = {
			isa = XCBuildConfiguration;
			buildSettings = {
				ALWAYS_SEARCH_USER_PATHS = NO;
				ASSETCATALOG_COMPILER_GENERATE_SWIFT_ASSET_SYMBOL_EXTENSIONS = YES;
				CLANG_ANALYZER_NONNULL = YES;
				CLANG_ANALYZER_NUMBER_OBJECT_CONVERSION = YES_AGGRESSIVE;
				CLANG_CXX_LANGUAGE_STANDARD = "gnu++20";
				CLANG_ENABLE_MODULES = YES;
				CLANG_ENABLE_OBJC_ARC = YES;
				CLANG_ENABLE_OBJC_WEAK = YES;
				CLANG_WARN_BLOCK_CAPTURE_AUTORELEASING = YES;
				CLANG_WARN_BOOL_CONVERSION = YES;
				CLANG_WARN_COMMA = YES;
				CLANG_WARN_CONSTANT_CONVERSION = YES;
				CLANG_WARN_DEPRECATED_OBJC_IMPLEMENTATIONS = YES;
				CLANG_WARN_DIRECT_OBJC_ISA_USAGE = YES_ERROR;
				CLANG_WARN_DOCUMENTATION_COMMENTS = YES;
				CLANG_WARN_EMPTY_BODY = YES;
				CLANG_WARN_ENUM_CONVERSION = YES;
				CLANG_WARN_INFINITE_RECURSION = YES;
				CLANG_WARN_INT_CONVERSION = YES;
				CLANG_WARN_NON_LITERAL_NULL_CONVERSION = YES;
				CLANG_WARN_OBJC_IMPLICIT_RETAIN_SELF = YES;
				CLANG_WARN_OBJC_LITERAL_CONVERSION = YES;
				CLANG_WARN_OBJC_ROOT_CLASS = YES_ERROR;
				CLANG_WARN_QUOTED_INCLUDE_IN_FRAMEWORK_HEADER = YES;
				CLANG_WARN_RANGE_LOOP_ANALYSIS = YES;
				CLANG_WARN_STRICT_PROTOTYPES = YES;
				CLANG_WARN_SUSPICIOUS_MOVE = YES;
				CLANG_WARN_UNGUARDED_AVAILABILITY = YES_AGGRESSIVE;
				CLANG_WARN_UNREACHABLE_CODE = YES;
				CLANG_WARN__DUPLICATE_METHOD_MATCH = YES;
				COPY_PHASE_STRIP = NO;
				DEBUG_INFORMATION_FORMAT = "dwarf-with-dsym";
				ENABLE_NS_ASSERTIONS = NO;
				ENABLE_STRICT_OBJC_MSGSEND = YES;
				ENABLE_USER_SCRIPT_SANDBOXING = YES;
				GCC_C_LANGUAGE_STANDARD = gnu17;
				GCC_NO_COMMON_BLOCKS = YES;
				GCC_WARN_64_TO_32_BIT_CONVERSION = YES;
				GCC_WARN_ABOUT_RETURN_TYPE = YES_ERROR;
				GCC_WARN_UNDECLARED_SELECTOR = YES;
				GCC_WARN_UNINITIALIZED_AUTOS = YES_AGGRESSIVE;
				GCC_WARN_UNUSED_FUNCTION = YES;
				GCC_WARN_UNUSED_VARIABLE = YES;
				IPHONEOS_DEPLOYMENT_TARGET = 17.2;
				LOCALIZATION_PREFERS_STRING_CATALOGS = YES;
				MTL_ENABLE_DEBUG_INFO = NO;
				MTL_FAST_MATH = YES;
				SDKROOT = iphoneos;
				SWIFT_COMPILATION_MODE = wholemodule;
				VALIDATE_PRODUCT = YES;
			};
			name = Release;
		};
		BBA4F4622B7A186F008DEB58 /* Debug */ = {
			isa = XCBuildConfiguration;
			buildSettings = {
				ASSETCATALOG_COMPILER_APPICON_NAME = AppIcon;
				ASSETCATALOG_COMPILER_GLOBAL_ACCENT_COLOR_NAME = AccentColor;
				CODE_SIGN_STYLE = Automatic;
				CURRENT_PROJECT_VERSION = 1;
				DEVELOPMENT_TEAM = LG654VLABZ;
				GENERATE_INFOPLIST_FILE = YES;
				INFOPLIST_FILE = FoodDeliveryApp/Info.plist;
				INFOPLIST_KEY_UIApplicationSupportsIndirectInputEvents = YES;
				INFOPLIST_KEY_UILaunchStoryboardName = LaunchScreen;
				INFOPLIST_KEY_UIMainStoryboardFile = Main;
				INFOPLIST_KEY_UISupportedInterfaceOrientations_iPad = "UIInterfaceOrientationPortrait UIInterfaceOrientationPortraitUpsideDown UIInterfaceOrientationLandscapeLeft UIInterfaceOrientationLandscapeRight";
				INFOPLIST_KEY_UISupportedInterfaceOrientations_iPhone = "UIInterfaceOrientationPortrait UIInterfaceOrientationLandscapeLeft UIInterfaceOrientationLandscapeRight";
				LD_RUNPATH_SEARCH_PATHS = (
					"$(inherited)",
					"@executable_path/Frameworks",
				);
				MARKETING_VERSION = 1.0;
				PRODUCT_BUNDLE_IDENTIFIER = glabber.FoodDeliveryApp;
				PRODUCT_NAME = "$(TARGET_NAME)";
				SWIFT_EMIT_LOC_STRINGS = YES;
				SWIFT_VERSION = 5.0;
				TARGETED_DEVICE_FAMILY = "1,2";
			};
			name = Debug;
		};
		BBA4F4632B7A186F008DEB58 /* Release */ = {
			isa = XCBuildConfiguration;
			buildSettings = {
				ASSETCATALOG_COMPILER_APPICON_NAME = AppIcon;
				ASSETCATALOG_COMPILER_GLOBAL_ACCENT_COLOR_NAME = AccentColor;
				CODE_SIGN_STYLE = Automatic;
				CURRENT_PROJECT_VERSION = 1;
				DEVELOPMENT_TEAM = LG654VLABZ;
				GENERATE_INFOPLIST_FILE = YES;
				INFOPLIST_FILE = FoodDeliveryApp/Info.plist;
				INFOPLIST_KEY_UIApplicationSupportsIndirectInputEvents = YES;
				INFOPLIST_KEY_UILaunchStoryboardName = LaunchScreen;
				INFOPLIST_KEY_UIMainStoryboardFile = Main;
				INFOPLIST_KEY_UISupportedInterfaceOrientations_iPad = "UIInterfaceOrientationPortrait UIInterfaceOrientationPortraitUpsideDown UIInterfaceOrientationLandscapeLeft UIInterfaceOrientationLandscapeRight";
				INFOPLIST_KEY_UISupportedInterfaceOrientations_iPhone = "UIInterfaceOrientationPortrait UIInterfaceOrientationLandscapeLeft UIInterfaceOrientationLandscapeRight";
				LD_RUNPATH_SEARCH_PATHS = (
					"$(inherited)",
					"@executable_path/Frameworks",
				);
				MARKETING_VERSION = 1.0;
				PRODUCT_BUNDLE_IDENTIFIER = glabber.FoodDeliveryApp;
				PRODUCT_NAME = "$(TARGET_NAME)";
				SWIFT_EMIT_LOC_STRINGS = YES;
				SWIFT_VERSION = 5.0;
				TARGETED_DEVICE_FAMILY = "1,2";
			};
			name = Release;
		};
/* End XCBuildConfiguration section */

/* Begin XCConfigurationList section */
		BBA4F4482B7A186E008DEB58 /* Build configuration list for PBXProject "FoodDeliveryApp" */ = {
			isa = XCConfigurationList;
			buildConfigurations = (
				BBA4F45F2B7A186F008DEB58 /* Debug */,
				BBA4F4602B7A186F008DEB58 /* Release */,
			);
			defaultConfigurationIsVisible = 0;
			defaultConfigurationName = Release;
		};
		BBA4F4612B7A186F008DEB58 /* Build configuration list for PBXNativeTarget "FoodDeliveryApp" */ = {
			isa = XCConfigurationList;
			buildConfigurations = (
				BBA4F4622B7A186F008DEB58 /* Debug */,
				BBA4F4632B7A186F008DEB58 /* Release */,
			);
			defaultConfigurationIsVisible = 0;
			defaultConfigurationName = Release;
		};
/* End XCConfigurationList section */
	};
	rootObject = BBA4F4452B7A186E008DEB58 /* Project object */;
}
